
Microsoft Visual Studio Solution File, Format Version 12.00
# Visual Studio 15
VisualStudioVersion = 15.0.26124.0
MinimumVisualStudioVersion = 15.0.26124.0
Project("{FAE04EC0-301F-11D3-BF4B-00C04F79EFBC}") = "CoolGame", "CoolGame\CoolGame.csproj", "{EE1C8822-3665-43F0-8F39-946C02DC83AA}"
EndProject
Project("{FAE04EC0-301F-11D3-BF4B-00C04F79EFBC}") = "CoolGame.Lib", "CoolGame.Lib\CoolGame.Lib.csproj", "{7636891D-624A-4CDF-A76E-993E8688C58D}"
EndProject
Project("{FAE04EC0-301F-11D3-BF4B-00C04F79EFBC}") = "CoolGame.Interface", "CoolGame.Interface\CoolGame.Interface.csproj", "{624CCE27-94E8-4BAB-83FC-643102C95676}"
EndProject
Global
	GlobalSection(SolutionConfigurationPlatforms) = preSolution
		Debug|Any CPU = Debug|Any CPU
		Debug|x64 = Debug|x64
		Debug|x86 = Debug|x86
		Release|Any CPU = Release|Any CPU
		Release|x64 = Release|x64
		Release|x86 = Release|x86
	EndGlobalSection
	GlobalSection(SolutionProperties) = preSolution
		HideSolutionNode = FALSE
	EndGlobalSection
	GlobalSection(ProjectConfigurationPlatforms) = postSolution
		{EE1C8822-3665-43F0-8F39-946C02DC83AA}.Debug|Any CPU.ActiveCfg = Debug|Any CPU
		{EE1C8822-3665-43F0-8F39-946C02DC83AA}.Debug|Any CPU.Build.0 = Debug|Any CPU
		{EE1C8822-3665-43F0-8F39-946C02DC83AA}.Debug|x64.ActiveCfg = Debug|Any CPU
		{EE1C8822-3665-43F0-8F39-946C02DC83AA}.Debug|x64.Build.0 = Debug|Any CPU
		{EE1C8822-3665-43F0-8F39-946C02DC83AA}.Debug|x86.ActiveCfg = Debug|Any CPU
		{EE1C8822-3665-43F0-8F39-946C02DC83AA}.Debug|x86.Build.0 = Debug|Any CPU
		{EE1C8822-3665-43F0-8F39-946C02DC83AA}.Release|Any CPU.ActiveCfg = Release|Any CPU
		{EE1C8822-3665-43F0-8F39-946C02DC83AA}.Release|Any CPU.Build.0 = Release|Any CPU
		{EE1C8822-3665-43F0-8F39-946C02DC83AA}.Release|x64.ActiveCfg = Release|Any CPU
		{EE1C8822-3665-43F0-8F39-946C02DC83AA}.Release|x64.Build.0 = Release|Any CPU
		{EE1C8822-3665-43F0-8F39-946C02DC83AA}.Release|x86.ActiveCfg = Release|Any CPU
		{EE1C8822-3665-43F0-8F39-946C02DC83AA}.Release|x86.Build.0 = Release|Any CPU
		{7636891D-624A-4CDF-A76E-993E8688C58D}.Debug|Any CPU.ActiveCfg = Debug|Any CPU
		{7636891D-624A-4CDF-A76E-993E8688C58D}.Debug|Any CPU.Build.0 = Debug|Any CPU
		{7636891D-624A-4CDF-A76E-993E8688C58D}.Debug|x64.ActiveCfg = Debug|Any CPU
		{7636891D-624A-4CDF-A76E-993E8688C58D}.Debug|x64.Build.0 = Debug|Any CPU
		{7636891D-624A-4CDF-A76E-993E8688C58D}.Debug|x86.ActiveCfg = Debug|Any CPU
		{7636891D-624A-4CDF-A76E-993E8688C58D}.Debug|x86.Build.0 = Debug|Any CPU
		{7636891D-624A-4CDF-A76E-993E8688C58D}.Release|Any CPU.ActiveCfg = Release|Any CPU
		{7636891D-624A-4CDF-A76E-993E8688C58D}.Release|Any CPU.Build.0 = Release|Any CPU
		{7636891D-624A-4CDF-A76E-993E8688C58D}.Release|x64.ActiveCfg = Release|Any CPU
		{7636891D-624A-4CDF-A76E-993E8688C58D}.Release|x64.Build.0 = Release|Any CPU
		{7636891D-624A-4CDF-A76E-993E8688C58D}.Release|x86.ActiveCfg = Release|Any CPU
		{7636891D-624A-4CDF-A76E-993E8688C58D}.Release|x86.Build.0 = Release|Any CPU
		{624CCE27-94E8-4BAB-83FC-643102C95676}.Debug|Any CPU.ActiveCfg = Debug|Any CPU
		{624CCE27-94E8-4BAB-83FC-643102C95676}.Debug|Any CPU.Build.0 = Debug|Any CPU
		{624CCE27-94E8-4BAB-83FC-643102C95676}.Debug|x64.ActiveCfg = Debug|Any CPU
		{624CCE27-94E8-4BAB-83FC-643102C95676}.Debug|x64.Build.0 = Debug|Any CPU
		{624CCE27-94E8-4BAB-83FC-643102C95676}.Debug|x86.ActiveCfg = Debug|Any CPU
		{624CCE27-94E8-4BAB-83FC-643102C95676}.Debug|x86.Build.0 = Debug|Any CPU
		{624CCE27-94E8-4BAB-83FC-643102C95676}.Release|Any CPU.ActiveCfg = Release|Any CPU
		{624CCE27-94E8-4BAB-83FC-643102C95676}.Release|Any CPU.Build.0 = Release|Any CPU
		{624CCE27-94E8-4BAB-83FC-643102C95676}.Release|x64.ActiveCfg = Release|Any CPU
		{624CCE27-94E8-4BAB-83FC-643102C95676}.Release|x64.Build.0 = Release|Any CPU
		{624CCE27-94E8-4BAB-83FC-643102C95676}.Release|x86.ActiveCfg = Release|Any CPU
		{624CCE27-94E8-4BAB-83FC-643102C95676}.Release|x86.Build.0 = Release|Any CPU
	EndGlobalSection
EndGlobal
